{
	"name": "@pubbo/info",
	"version": "0.0.16",
	"lockfileVersion": 1,
	"requires": true,
	"dependencies": {
		"envinfo": {
			"version": "7.7.3",
			"resolved": "https://registry.npmjs.org/envinfo/-/envinfo-7.7.3.tgz",
			"integrity": "sha512-46+j5QxbPWza0PB1i15nZx0xQ4I/EfQxg9J8Had3b408SV63nEtor2e+oiY63amTo9KTuh2a3XLObNwduxYwwA=="
		}
	}
}
